
Microsoft Visual Studio Solution File, Format Version 12.00
# Visual Studio Version 17
VisualStudioVersion = 17.7.34221.43
MinimumVisualStudioVersion = 10.0.40219.1
Project("{FAE04EC0-301F-11D3-BF4B-00C04F79EFBC}") = "SnakeGameValidator", "SnakeGameValidator.csproj", "{FE6CD2E2-61EB-421A-B51E-51420C014C1B}"
EndProject
Global
	GlobalSection(SolutionConfigurationPlatforms) = preSolution
		Debug|Any CPU = Debug|Any CPU
		Release|Any CPU = Release|Any CPU
	EndGlobalSection
	GlobalSection(ProjectConfigurationPlatforms) = postSolution
		{FE6CD2E2-61EB-421A-B51E-51420C014C1B}.Debug|Any CPU.ActiveCfg = Debug|Any CPU
		{FE6CD2E2-61EB-421A-B51E-51420C014C1B}.Debug|Any CPU.Build.0 = Debug|Any CPU
		{FE6CD2E2-61EB-421A-B51E-51420C014C1B}.Release|Any CPU.ActiveCfg = Release|Any CPU
		{FE6CD2E2-61EB-421A-B51E-51420C014C1B}.Release|Any CPU.Build.0 = Release|Any CPU
	EndGlobalSection
	GlobalSection(SolutionProperties) = preSolution
		HideSolutionNode = FALSE
	EndGlobalSection
	GlobalSection(ExtensibilityGlobals) = postSolution
		SolutionGuid = {1908651F-A2FE-490F-A6FD-4CD4428BB151}
	EndGlobalSection
EndGlobal
